
Microsoft Visual Studio Solution File, Format Version 12.00
# Visual Studio Version 16
VisualStudioVersion = 16.0.31025.194
MinimumVisualStudioVersion = 10.0.40219.1
Project("{FAE04EC0-301F-11D3-BF4B-00C04F79EFBC}") = "esercizio 1_3", "esercizio 1_3\esercizio 1_3.csproj", "{4ED04BAD-AA47-4B8A-9B05-216A2B856D29}"
EndProject
Global
	GlobalSection(SolutionConfigurationPlatforms) = preSolution
		Debug|Any CPU = Debug|Any CPU
		Release|Any CPU = Release|Any CPU
	EndGlobalSection
	GlobalSection(ProjectConfigurationPlatforms) = postSolution
		{4ED04BAD-AA47-4B8A-9B05-216A2B856D29}.Debug|Any CPU.ActiveCfg = Debug|Any CPU
		{4ED04BAD-AA47-4B8A-9B05-216A2B856D29}.Debug|Any CPU.Build.0 = Debug|Any CPU
		{4ED04BAD-AA47-4B8A-9B05-216A2B856D29}.Release|Any CPU.ActiveCfg = Release|Any CPU
		{4ED04BAD-AA47-4B8A-9B05-216A2B856D29}.Release|Any CPU.Build.0 = Release|Any CPU
	EndGlobalSection
	GlobalSection(SolutionProperties) = preSolution
		HideSolutionNode = FALSE
	EndGlobalSection
	GlobalSection(ExtensibilityGlobals) = postSolution
		SolutionGuid = {C56AD8C1-1B2F-443B-B299-A09C3ECAF68E}
	EndGlobalSection
EndGlobal
