
Microsoft Visual Studio Solution File, Format Version 12.00
# Visual Studio Version 16
VisualStudioVersion = 16.0.31025.194
MinimumVisualStudioVersion = 10.0.40219.1
Project("{FAE04EC0-301F-11D3-BF4B-00C04F79EFBC}") = "esercizio 1_8", "esercizio 1_8\esercizio 1_8.csproj", "{087F9DAC-0EED-4ACC-9D22-9F5CE322D97F}"
EndProject
Global
	GlobalSection(SolutionConfigurationPlatforms) = preSolution
		Debug|Any CPU = Debug|Any CPU
		Release|Any CPU = Release|Any CPU
	EndGlobalSection
	GlobalSection(ProjectConfigurationPlatforms) = postSolution
		{087F9DAC-0EED-4ACC-9D22-9F5CE322D97F}.Debug|Any CPU.ActiveCfg = Debug|Any CPU
		{087F9DAC-0EED-4ACC-9D22-9F5CE322D97F}.Debug|Any CPU.Build.0 = Debug|Any CPU
		{087F9DAC-0EED-4ACC-9D22-9F5CE322D97F}.Release|Any CPU.ActiveCfg = Release|Any CPU
		{087F9DAC-0EED-4ACC-9D22-9F5CE322D97F}.Release|Any CPU.Build.0 = Release|Any CPU
	EndGlobalSection
	GlobalSection(SolutionProperties) = preSolution
		HideSolutionNode = FALSE
	EndGlobalSection
	GlobalSection(ExtensibilityGlobals) = postSolution
		SolutionGuid = {D83CE94F-EE8D-4590-9283-3E700553EBA7}
	EndGlobalSection
EndGlobal
