
Microsoft Visual Studio Solution File, Format Version 12.00
# Visual Studio Version 16
VisualStudioVersion = 16.0.31105.61
MinimumVisualStudioVersion = 10.0.40219.1
Project("{FAE04EC0-301F-11D3-BF4B-00C04F79EFBC}") = "Server", "Server\Server.csproj", "{4085B9DC-BA49-4C72-AF1F-C49263AD08B6}"
EndProject
Project("{FAE04EC0-301F-11D3-BF4B-00C04F79EFBC}") = "Sito", "Sito\Sito.csproj", "{7265B65B-08A3-4626-A0B0-72C51A77D185}"
EndProject
Global
	GlobalSection(SolutionConfigurationPlatforms) = preSolution
		Debug|Any CPU = Debug|Any CPU
		Release|Any CPU = Release|Any CPU
	EndGlobalSection
	GlobalSection(ProjectConfigurationPlatforms) = postSolution
		{4085B9DC-BA49-4C72-AF1F-C49263AD08B6}.Debug|Any CPU.ActiveCfg = Debug|Any CPU
		{4085B9DC-BA49-4C72-AF1F-C49263AD08B6}.Debug|Any CPU.Build.0 = Debug|Any CPU
		{4085B9DC-BA49-4C72-AF1F-C49263AD08B6}.Release|Any CPU.ActiveCfg = Release|Any CPU
		{4085B9DC-BA49-4C72-AF1F-C49263AD08B6}.Release|Any CPU.Build.0 = Release|Any CPU
		{7265B65B-08A3-4626-A0B0-72C51A77D185}.Debug|Any CPU.ActiveCfg = Debug|Any CPU
		{7265B65B-08A3-4626-A0B0-72C51A77D185}.Debug|Any CPU.Build.0 = Debug|Any CPU
		{7265B65B-08A3-4626-A0B0-72C51A77D185}.Release|Any CPU.ActiveCfg = Release|Any CPU
		{7265B65B-08A3-4626-A0B0-72C51A77D185}.Release|Any CPU.Build.0 = Release|Any CPU
	EndGlobalSection
	GlobalSection(SolutionProperties) = preSolution
		HideSolutionNode = FALSE
	EndGlobalSection
	GlobalSection(ExtensibilityGlobals) = postSolution
		SolutionGuid = {383866FB-42D7-40D8-A20F-4B75159F1BE1}
	EndGlobalSection
EndGlobal
